
Microsoft Visual Studio Solution File, Format Version 12.00
# Visual Studio Version 17
VisualStudioVersion = 17.0.31919.166
MinimumVisualStudioVersion = 10.0.40219.1
Project("{FAE04EC0-301F-11D3-BF4B-00C04F79EFBC}") = "WooCommerce-Tool", "WooCommerce-Tool\WooCommerce-Tool.csproj", "{3A32D853-9857-4727-8D5F-92C6DA9EC572}"
EndProject
Global
	GlobalSection(SolutionConfigurationPlatforms) = preSolution
		Debug|Any CPU = Debug|Any CPU
		Release|Any CPU = Release|Any CPU
	EndGlobalSection
	GlobalSection(ProjectConfigurationPlatforms) = postSolution
		{3A32D853-9857-4727-8D5F-92C6DA9EC572}.Debug|Any CPU.ActiveCfg = Debug|Any CPU
		{3A32D853-9857-4727-8D5F-92C6DA9EC572}.Debug|Any CPU.Build.0 = Debug|Any CPU
		{3A32D853-9857-4727-8D5F-92C6DA9EC572}.Release|Any CPU.ActiveCfg = Release|Any CPU
		{3A32D853-9857-4727-8D5F-92C6DA9EC572}.Release|Any CPU.Build.0 = Release|Any CPU
	EndGlobalSection
	GlobalSection(SolutionProperties) = preSolution
		HideSolutionNode = FALSE
	EndGlobalSection
	GlobalSection(ExtensibilityGlobals) = postSolution
		SolutionGuid = {48776681-C22D-4290-81DD-F2CFB10FB6FD}
	EndGlobalSection
EndGlobal
